
Microsoft Visual Studio Solution File, Format Version 12.00
# Visual Studio Version 16
VisualStudioVersion = 16.0.32002.261
MinimumVisualStudioVersion = 10.0.40219.1
Project("{FAE04EC0-301F-11D3-BF4B-00C04F79EFBC}") = "ch02_01", "ch02_01.csproj", "{9E0B40C2-0CF4-4661-88CB-6EBE1F9F16A1}"
EndProject
Project("{2150E333-8FDC-42A3-9474-1A3956D46DE8}") = "ch02", "ch02", "{403AACF2-D826-4413-8E84-27351FEFB697}"
EndProject
Project("{2150E333-8FDC-42A3-9474-1A3956D46DE8}") = "ch03", "ch03", "{7D999A8D-8CC1-440E-9446-BF0E920A73B3}"
EndProject
Project("{FAE04EC0-301F-11D3-BF4B-00C04F79EFBC}") = "ch03_01", "..\ch03_01\ch03_01.csproj", "{A46B230D-1FA7-415C-BC1C-686179181070}"
EndProject
Project("{FAE04EC0-301F-11D3-BF4B-00C04F79EFBC}") = "ch03_02", "..\ch03_02\ch03_02.csproj", "{BAF7C99C-335D-49EB-9C85-F36F9707FAF4}"
EndProject
Global
	GlobalSection(SolutionConfigurationPlatforms) = preSolution
		Debug|Any CPU = Debug|Any CPU
		Release|Any CPU = Release|Any CPU
	EndGlobalSection
	GlobalSection(ProjectConfigurationPlatforms) = postSolution
		{9E0B40C2-0CF4-4661-88CB-6EBE1F9F16A1}.Debug|Any CPU.ActiveCfg = Debug|Any CPU
		{9E0B40C2-0CF4-4661-88CB-6EBE1F9F16A1}.Debug|Any CPU.Build.0 = Debug|Any CPU
		{9E0B40C2-0CF4-4661-88CB-6EBE1F9F16A1}.Release|Any CPU.ActiveCfg = Release|Any CPU
		{9E0B40C2-0CF4-4661-88CB-6EBE1F9F16A1}.Release|Any CPU.Build.0 = Release|Any CPU
		{A46B230D-1FA7-415C-BC1C-686179181070}.Debug|Any CPU.ActiveCfg = Debug|Any CPU
		{A46B230D-1FA7-415C-BC1C-686179181070}.Debug|Any CPU.Build.0 = Debug|Any CPU
		{A46B230D-1FA7-415C-BC1C-686179181070}.Release|Any CPU.ActiveCfg = Release|Any CPU
		{A46B230D-1FA7-415C-BC1C-686179181070}.Release|Any CPU.Build.0 = Release|Any CPU
		{BAF7C99C-335D-49EB-9C85-F36F9707FAF4}.Debug|Any CPU.ActiveCfg = Debug|Any CPU
		{BAF7C99C-335D-49EB-9C85-F36F9707FAF4}.Debug|Any CPU.Build.0 = Debug|Any CPU
		{BAF7C99C-335D-49EB-9C85-F36F9707FAF4}.Release|Any CPU.ActiveCfg = Release|Any CPU
		{BAF7C99C-335D-49EB-9C85-F36F9707FAF4}.Release|Any CPU.Build.0 = Release|Any CPU
	EndGlobalSection
	GlobalSection(SolutionProperties) = preSolution
		HideSolutionNode = FALSE
	EndGlobalSection
	GlobalSection(NestedProjects) = preSolution
		{9E0B40C2-0CF4-4661-88CB-6EBE1F9F16A1} = {403AACF2-D826-4413-8E84-27351FEFB697}
		{A46B230D-1FA7-415C-BC1C-686179181070} = {7D999A8D-8CC1-440E-9446-BF0E920A73B3}
		{BAF7C99C-335D-49EB-9C85-F36F9707FAF4} = {7D999A8D-8CC1-440E-9446-BF0E920A73B3}
	EndGlobalSection
	GlobalSection(ExtensibilityGlobals) = postSolution
		SolutionGuid = {4E3982D9-D9D1-4750-BF6F-B26F3AEF61E1}
	EndGlobalSection
EndGlobal
